
Microsoft Visual Studio Solution File, Format Version 12.00
# Visual Studio Version 17
VisualStudioVersion = 17.8.34511.84
MinimumVisualStudioVersion = 10.0.40219.1
Project("{FAE04EC0-301F-11D3-BF4B-00C04F79EFBC}") = "FizzBuzz", "FizzBuzz\FizzBuzz.csproj", "{EC2DDF28-CCB7-4576-9B69-3E473B61A54C}"
EndProject
Global
	GlobalSection(SolutionConfigurationPlatforms) = preSolution
		Debug|Any CPU = Debug|Any CPU
		Release|Any CPU = Release|Any CPU
	EndGlobalSection
	GlobalSection(ProjectConfigurationPlatforms) = postSolution
		{EC2DDF28-CCB7-4576-9B69-3E473B61A54C}.Debug|Any CPU.ActiveCfg = Debug|Any CPU
		{EC2DDF28-CCB7-4576-9B69-3E473B61A54C}.Debug|Any CPU.Build.0 = Debug|Any CPU
		{EC2DDF28-CCB7-4576-9B69-3E473B61A54C}.Release|Any CPU.ActiveCfg = Release|Any CPU
		{EC2DDF28-CCB7-4576-9B69-3E473B61A54C}.Release|Any CPU.Build.0 = Release|Any CPU
	EndGlobalSection
	GlobalSection(SolutionProperties) = preSolution
		HideSolutionNode = FALSE
	EndGlobalSection
	GlobalSection(ExtensibilityGlobals) = postSolution
		SolutionGuid = {A241AEF0-C03E-4450-A800-E4CCEAFA84C3}
	EndGlobalSection
EndGlobal
